// !$*UTF8*$!
{
	archiveVersion = 1;
	classes = {
	};
	objectVersion = 46;
	objects = {

/* Begin PBXBuildFile section */
		B30305EF1A73438000A264F1 /* main.cpp in Sources */ = {isa = PBXBuildFile; fileRef = B30305EE1A73438000A264F1 /* main.cpp */; };
/* End PBXBuildFile section */

/* Begin PBXCopyFilesBuildPhase section */
		B30305E91A73438000A264F1 /* CopyFiles */ = {
			isa = PBXCopyFilesBuildPhase;
			buildActionMask = 2147483647;
			dstPath = /usr/share/man/man1/;
			dstSubfolderSpec = 0;
			files = (
			);
			runOnlyForDeploymentPostprocessing = 1;
		};
/* End PBXCopyFilesBuildPhase section */

/* Begin PBXFileReference section */
		B30305EB1A73438000A264F1 /* Saitch_9thEd_chapter5_praprob1 */ = {isa = PBXFileReference; explicitFileType = "compiled.mach-o.executable"; includeInIndex = 0; path = Saitch_9thEd_chapter5_praprob1; sourceTree = BUILT_PRODUCTS_DIR; };
		B30305EE1A73438000A264F1 /* main.cpp */ = {isa = PBXFileReference; lastKnownFileType = sourcecode.cpp.cpp; path = main.cpp; sourceTree = "<group>"; };
/* End PBXFileReference section */

/* Begin PBXFrameworksBuildPhase section */
		B30305E81A73438000A264F1 /* Frameworks */ = {
			isa = PBXFrameworksBuildPhase;
			buildActionMask = 2147483647;
			files = (
			);
			runOnlyForDeploymentPostprocessing = 0;
		};
/* End PBXFrameworksBuildPhase section */

/* Begin PBXGroup section */
		B30305E21A73438000A264F1 = {
			isa = PBXGroup;
			children = (
				B30305ED1A73438000A264F1 /* Saitch_9thEd_chapter5_praprob1 */,
				B30305EC1A73438000A264F1 /* Products */,
			);
			sourceTree = "<group>";
		};
		B30305EC1A73438000A264F1 /* Products */ = {
			isa = PBXGroup;
			children = (
				B30305EB1A73438000A264F1 /* Saitch_9thEd_chapter5_praprob1 */,
			);
			name = Products;
			sourceTree = "<group>";
		};
		B30305ED1A73438000A264F1 /* Saitch_9thEd_chapter5_praprob1 */ = {
			isa = PBXGroup;
			children = (
				B30305EE1A73438000A264F1 /* main.cpp */,
			);
			path = Saitch_9thEd_chapter5_praprob1;
			sourceTree = "<group>";
		};
/* End PBXGroup section */

/* Begin PBXNativeTarget section */
		B30305EA1A73438000A264F1 /* Saitch_9thEd_chapter5_praprob1 */ = {
			isa = PBXNativeTarget;
			buildConfigurationList = B30305F21A73438000A264F1 /* Build configuration list for PBXNativeTarget "Saitch_9thEd_chapter5_praprob1" */;
			buildPhases = (
				B30305E71A73438000A264F1 /* Sources */,
				B30305E81A73438000A264F1 /* Frameworks */,
				B30305E91A73438000A264F1 /* CopyFiles */,
			);
			buildRules = (
			);
			dependencies = (
			);
			name = Saitch_9thEd_chapter5_praprob1;
			productName = Saitch_9thEd_chapter5_praprob1;
			productReference = B30305EB1A73438000A264F1 /* Saitch_9thEd_chapter5_praprob1 */;
			productType = "com.apple.product-type.tool";
		};
/* End PBXNativeTarget section */

/* Begin PBXProject section */
		B30305E31A73438000A264F1 /* Project object */ = {
			isa = PBXProject;
			attributes = {
				LastUpgradeCheck = 0610;
				ORGANIZATIONNAME = "Guillermo ";
				TargetAttributes = {
					B30305EA1A73438000A264F1 = {
						CreatedOnToolsVersion = 6.1.1;
					};
				};
			};
			buildConfigurationList = B30305E61A73438000A264F1 /* Build configuration list for PBXProject "Saitch_9thEd_chapter5_praprob1" */;
			compatibilityVersion = "Xcode 3.2";
			developmentRegion = English;
			hasScannedForEncodings = 0;
			knownRegions = (
				en,
			);
			mainGroup = B30305E21A73438000A264F1;
			productRefGroup = B30305EC1A73438000A264F1 /* Products */;
			projectDirPath = "";
			projectRoot = "";
			targets = (
				B30305EA1A73438000A264F1 /* Saitch_9thEd_chapter5_praprob1 */,
			);
		};
/* End PBXProject section */

/* Begin PBXSourcesBuildPhase section */
		B30305E71A73438000A264F1 /* Sources */ = {
			isa = PBXSourcesBuildPhase;
			buildActionMask = 2147483647;
			files = (
				B30305EF1A73438000A264F1 /* main.cpp in Sources */,
			);
			runOnlyForDeploymentPostprocessing = 0;
		};
/* End PBXSourcesBuildPhase section */

/* Begin XCBuildConfiguration section */
		B30305F01A73438000A264F1 /* Debug */ = {
			isa = XCBuildConfiguration;
			buildSettings = {
				ALWAYS_SEARCH_USER_PATHS = NO;
				CLANG_CXX_LANGUAGE_STANDARD = "gnu++0x";
				CLANG_CXX_LIBRARY = "libc++";
				CLANG_ENABLE_MODULES = YES;
				CLANG_ENABLE_OBJC_ARC = YES;
				CLANG_WARN_BOOL_CONVERSION = YES;
				CLANG_WARN_CONSTANT_CONVERSION = YES;
				CLANG_WARN_DIRECT_OBJC_ISA_USAGE = YES_ERROR;
				CLANG_WARN_EMPTY_BODY = YES;
				CLANG_WARN_ENUM_CONVERSION = YES;
				CLANG_WARN_INT_CONVERSION = YES;
				CLANG_WARN_OBJC_ROOT_CLASS = YES_ERROR;
				CLANG_WARN_UNREACHABLE_CODE = YES;
				CLANG_WARN__DUPLICATE_METHOD_MATCH = YES;
				COPY_PHASE_STRIP = NO;
				ENABLE_STRICT_OBJC_MSGSEND = YES;
				GCC_C_LANGUAGE_STANDARD = gnu99;
				GCC_DYNAMIC_NO_PIC = NO;
				GCC_OPTIMIZATION_LEVEL = 0;
				GCC_PREPROCESSOR_DEFINITIONS = (
					"DEBUG=1",
					"$(inherited)",
				);
				GCC_SYMBOLS_PRIVATE_EXTERN = NO;
				GCC_WARN_64_TO_32_BIT_CONVERSION = YES;
				GCC_WARN_ABOUT_RETURN_TYPE = YES_ERROR;
				GCC_WARN_UNDECLARED_SELECTOR = YES;
				GCC_WARN_UNINITIALIZED_AUTOS = YES_AGGRESSIVE;
				GCC_WARN_UNUSED_FUNCTION = YES;
				GCC_WARN_UNUSED_VARIABLE = YES;
				MACOSX_DEPLOYMENT_TARGET = 10.9;
				MTL_ENABLE_DEBUG_INFO = YES;
				ONLY_ACTIVE_ARCH = YES;
				SDKROOT = macosx;
			};
			name = Debug;
		};
		B30305F11A73438000A264F1 /* Release */ = {
			isa = XCBuildConfiguration;
			buildSettings = {
				ALWAYS_SEARCH_USER_PATHS = NO;
				CLANG_CXX_LANGUAGE_STANDARD = "gnu++0x";
				CLANG_CXX_LIBRARY = "libc++";
				CLANG_ENABLE_MODULES = YES;
				CLANG_ENABLE_OBJC_ARC = YES;
				CLANG_WARN_BOOL_CONVERSION = YES;
				CLANG_WARN_CONSTANT_CONVERSION = YES;
				CLANG_WARN_DIRECT_OBJC_ISA_USAGE = YES_ERROR;
				CLANG_WARN_EMPTY_BODY = YES;
				CLANG_WARN_ENUM_CONVERSION = YES;
				CLANG_WARN_INT_CONVERSION = YES;
				CLANG_WARN_OBJC_ROOT_CLASS = YES_ERROR;
				CLANG_WARN_UNREACHABLE_CODE = YES;
				CLANG_WARN__DUPLICATE_METHOD_MATCH = YES;
				COPY_PHASE_STRIP = YES;
				DEBUG_INFORMATION_FORMAT = "dwarf-with-dsym";
				ENABLE_NS_ASSERTIONS = NO;
				ENABLE_STRICT_OBJC_MSGSEND = YES;
				GCC_C_LANGUAGE_STANDARD = gnu99;
				GCC_WARN_64_TO_32_BIT_CONVERSION = YES;
				GCC_WARN_ABOUT_RETURN_TYPE = YES_ERROR;
				GCC_WARN_UNDECLARED_SELECTOR = YES;
				GCC_WARN_UNINITIALIZED_AUTOS = YES_AGGRESSIVE;
				GCC_WARN_UNUSED_FUNCTION = YES;
				GCC_WARN_UNUSED_VARIABLE = YES;
				MACOSX_DEPLOYMENT_TARGET = 10.9;
				MTL_ENABLE_DEBUG_INFO = NO;
				SDKROOT = macosx;
			};
			name = Release;
		};
		B30305F31A73438000A264F1 /* Debug */ = {
			isa = XCBuildConfiguration;
			buildSettings = {
				PRODUCT_NAME = "$(TARGET_NAME)";
			};
			name = Debug;
		};
		B30305F41A73438000A264F1 /* Release */ = {
			isa = XCBuildConfiguration;
			buildSettings = {
				PRODUCT_NAME = "$(TARGET_NAME)";
			};
			name = Release;
		};
/* End XCBuildConfiguration section */

/* Begin XCConfigurationList section */
		B30305E61A73438000A264F1 /* Build configuration list for PBXProject "Saitch_9thEd_chapter5_praprob1" */ = {
			isa = XCConfigurationList;
			buildConfigurations = (
				B30305F01A73438000A264F1 /* Debug */,
				B30305F11A73438000A264F1 /* Release */,
			);
			defaultConfigurationIsVisible = 0;
			defaultConfigurationName = Release;
		};
		B30305F21A73438000A264F1 /* Build configuration list for PBXNativeTarget "Saitch_9thEd_chapter5_praprob1" */ = {
			isa = XCConfigurationList;
			buildConfigurations = (
				B30305F31A73438000A264F1 /* Debug */,
				B30305F41A73438000A264F1 /* Release */,
			);
			defaultConfigurationIsVisible = 0;
		};
/* End XCConfigurationList section */
	};
	rootObject = B30305E31A73438000A264F1 /* Project object */;
}
